
Microsoft Visual Studio Solution File, Format Version 12.00
# Visual Studio 2013
VisualStudioVersion = 12.0.31101.0
MinimumVisualStudioVersion = 10.0.40219.1
Project("{FAE04EC0-301F-11D3-BF4B-00C04F79EFBC}") = "FiltrosNoASP.NETMVC", "FiltrosNoASP.NETMVC\FiltrosNoASP.NETMVC.csproj", "{BAA9C53E-D384-487A-A9BA-B2562669EAFB}"
EndProject
Global
	GlobalSection(SolutionConfigurationPlatforms) = preSolution
		Debug|Any CPU = Debug|Any CPU
		Release|Any CPU = Release|Any CPU
	EndGlobalSection
	GlobalSection(ProjectConfigurationPlatforms) = postSolution
		{BAA9C53E-D384-487A-A9BA-B2562669EAFB}.Debug|Any CPU.ActiveCfg = Debug|Any CPU
		{BAA9C53E-D384-487A-A9BA-B2562669EAFB}.Debug|Any CPU.Build.0 = Debug|Any CPU
		{BAA9C53E-D384-487A-A9BA-B2562669EAFB}.Release|Any CPU.ActiveCfg = Release|Any CPU
		{BAA9C53E-D384-487A-A9BA-B2562669EAFB}.Release|Any CPU.Build.0 = Release|Any CPU
	EndGlobalSection
	GlobalSection(SolutionProperties) = preSolution
		HideSolutionNode = FALSE
	EndGlobalSection
EndGlobal
